Microsoft Visual Studio Solution File, Format Version 12.00
# Visual Studio Version 17
VisualStudioVersion = 17.5.2.0
MinimumVisualStudioVersion = 10.0.40219.1
Project("{FAE04EC0-301F-11D3-BF4B-00C04F79EFBC}") = "AiGrader", "AiGrader.csproj", "{B11AFA0D-92E7-233F-8D42-2BCA0A3AF0C6}"
EndProject
Global
	GlobalSection(SolutionConfigurationPlatforms) = preSolution
		Debug|Any CPU = Debug|Any CPU
		Release|Any CPU = Release|Any CPU
	EndGlobalSection
	GlobalSection(ProjectConfigurationPlatforms) = postSolution
		{B11AFA0D-92E7-233F-8D42-2BCA0A3AF0C6}.Debug|Any CPU.ActiveCfg = Debug|Any CPU
		{B11AFA0D-92E7-233F-8D42-2BCA0A3AF0C6}.Debug|Any CPU.Build.0 = Debug|Any CPU
		{B11AFA0D-92E7-233F-8D42-2BCA0A3AF0C6}.Release|Any CPU.ActiveCfg = Release|Any CPU
		{B11AFA0D-92E7-233F-8D42-2BCA0A3AF0C6}.Release|Any CPU.Build.0 = Release|Any CPU
	EndGlobalSection
	GlobalSection(SolutionProperties) = preSolution
		HideSolutionNode = FALSE
	EndGlobalSection
	GlobalSection(ExtensibilityGlobals) = postSolution
		SolutionGuid = {03A2429F-6704-418C-941A-1EEBDBD2B8C4}
	EndGlobalSection
EndGlobal
